
Microsoft Visual Studio Solution File, Format Version 12.00
# Visual Studio 15
VisualStudioVersion = 15.0.27130.2020
MinimumVisualStudioVersion = 10.0.40219.1
Project("{FAE04EC0-301F-11D3-BF4B-00C04F79EFBC}") = "SnackMachine.Logic", "SnackMachine.Logic\SnackMachine.Logic.csproj", "{03122601-808C-42F5-B7F8-3705CCD4E0BA}"
EndProject
Project("{FAE04EC0-301F-11D3-BF4B-00C04F79EFBC}") = "SnackMachine.Tests", "SnackMachine.Tests\SnackMachine.Tests.csproj", "{26F0392A-B4EE-478C-8FF2-8B020F5B4515}"
EndProject
Project("{FAE04EC0-301F-11D3-BF4B-00C04F79EFBC}") = "SnackMachine.UI.WPF", "SnackMachine.UI.WPF\SnackMachine.UI.WPF.csproj", "{7E9F0DE3-D5D8-410F-8932-3A126C13302F}"
EndProject
Project("{FAE04EC0-301F-11D3-BF4B-00C04F79EFBC}") = "SnackMachine.Logic.NHIbernate", "SnackMachine.Logic.NHIbernate\SnackMachine.Logic.NHIbernate.csproj", "{56A7AFB8-4FF3-4ECB-9DC5-ADADCF269221}"
EndProject
Global
	GlobalSection(SolutionConfigurationPlatforms) = preSolution
		Debug|Any CPU = Debug|Any CPU
		Release|Any CPU = Release|Any CPU
	EndGlobalSection
	GlobalSection(ProjectConfigurationPlatforms) = postSolution
		{03122601-808C-42F5-B7F8-3705CCD4E0BA}.Debug|Any CPU.ActiveCfg = Debug|Any CPU
		{03122601-808C-42F5-B7F8-3705CCD4E0BA}.Debug|Any CPU.Build.0 = Debug|Any CPU
		{03122601-808C-42F5-B7F8-3705CCD4E0BA}.Release|Any CPU.ActiveCfg = Release|Any CPU
		{03122601-808C-42F5-B7F8-3705CCD4E0BA}.Release|Any CPU.Build.0 = Release|Any CPU
		{26F0392A-B4EE-478C-8FF2-8B020F5B4515}.Debug|Any CPU.ActiveCfg = Debug|Any CPU
		{26F0392A-B4EE-478C-8FF2-8B020F5B4515}.Debug|Any CPU.Build.0 = Debug|Any CPU
		{26F0392A-B4EE-478C-8FF2-8B020F5B4515}.Release|Any CPU.ActiveCfg = Release|Any CPU
		{26F0392A-B4EE-478C-8FF2-8B020F5B4515}.Release|Any CPU.Build.0 = Release|Any CPU
		{7E9F0DE3-D5D8-410F-8932-3A126C13302F}.Debug|Any CPU.ActiveCfg = Debug|Any CPU
		{7E9F0DE3-D5D8-410F-8932-3A126C13302F}.Debug|Any CPU.Build.0 = Debug|Any CPU
		{7E9F0DE3-D5D8-410F-8932-3A126C13302F}.Release|Any CPU.ActiveCfg = Release|Any CPU
		{7E9F0DE3-D5D8-410F-8932-3A126C13302F}.Release|Any CPU.Build.0 = Release|Any CPU
		{56A7AFB8-4FF3-4ECB-9DC5-ADADCF269221}.Debug|Any CPU.ActiveCfg = Debug|Any CPU
		{56A7AFB8-4FF3-4ECB-9DC5-ADADCF269221}.Debug|Any CPU.Build.0 = Debug|Any CPU
		{56A7AFB8-4FF3-4ECB-9DC5-ADADCF269221}.Release|Any CPU.ActiveCfg = Release|Any CPU
		{56A7AFB8-4FF3-4ECB-9DC5-ADADCF269221}.Release|Any CPU.Build.0 = Release|Any CPU
	EndGlobalSection
	GlobalSection(SolutionProperties) = preSolution
		HideSolutionNode = FALSE
	EndGlobalSection
	GlobalSection(ExtensibilityGlobals) = postSolution
		SolutionGuid = {492BF5D8-D8D2-45A1-9394-31BE6D6C03AA}
	EndGlobalSection
EndGlobal
